
Microsoft Visual Studio Solution File, Format Version 12.00
# Visual Studio Version 16
VisualStudioVersion = 16.0.31229.75
MinimumVisualStudioVersion = 10.0.40219.1
Project("{2150E333-8FDC-42A3-9474-1A3956D46DE8}") = "src", "src", "{F7B2A99F-0A13-4179-923F-16C2187E8318}"
EndProject
Project("{9A19103F-16F7-4668-BE54-9A1E7A4F7556}") = "FrontSPA", "src\FrontSPA\FrontSPA.csproj", "{DCCCE6FC-6BF3-46A9-8D86-ED5BDD79A98A}"
EndProject
Global
	GlobalSection(SolutionConfigurationPlatforms) = preSolution
		Debug|Any CPU = Debug|Any CPU
		Release|Any CPU = Release|Any CPU
	EndGlobalSection
	GlobalSection(ProjectConfigurationPlatforms) = postSolution
		{DCCCE6FC-6BF3-46A9-8D86-ED5BDD79A98A}.Debug|Any CPU.ActiveCfg = Debug|Any CPU
		{DCCCE6FC-6BF3-46A9-8D86-ED5BDD79A98A}.Debug|Any CPU.Build.0 = Debug|Any CPU
		{DCCCE6FC-6BF3-46A9-8D86-ED5BDD79A98A}.Release|Any CPU.ActiveCfg = Release|Any CPU
		{DCCCE6FC-6BF3-46A9-8D86-ED5BDD79A98A}.Release|Any CPU.Build.0 = Release|Any CPU
	EndGlobalSection
	GlobalSection(SolutionProperties) = preSolution
		HideSolutionNode = FALSE
	EndGlobalSection
	GlobalSection(NestedProjects) = preSolution
		{DCCCE6FC-6BF3-46A9-8D86-ED5BDD79A98A} = {F7B2A99F-0A13-4179-923F-16C2187E8318}
	EndGlobalSection
	GlobalSection(ExtensibilityGlobals) = postSolution
		SolutionGuid = {348E8666-1329-4837-880A-887A251769D4}
	EndGlobalSection
EndGlobal
